
Microsoft Visual Studio Solution File, Format Version 12.00
# Visual Studio Version 16
VisualStudioVersion = 16.0.29905.134
MinimumVisualStudioVersion = 10.0.40219.1
Project("{9A19103F-16F7-4668-BE54-9A1E7A4F7556}") = "DrawingDiamond", "DrawingDiamond\DrawingDiamond.csproj", "{4CE4B9F2-D5B4-4CC1-B953-BC714C887FEE}"
EndProject
Project("{9A19103F-16F7-4668-BE54-9A1E7A4F7556}") = "StringManipulatons", "StringManipulatons\StringManipulatons.csproj", "{10ABDF61-9C64-4CA8-8186-E932971344D5}"
EndProject
Project("{9A19103F-16F7-4668-BE54-9A1E7A4F7556}") = "LinqTest", "LinqTest\LinqTest.csproj", "{2AC554BE-F226-4742-8912-59243FC73598}"
EndProject
Project("{9A19103F-16F7-4668-BE54-9A1E7A4F7556}") = "XMLReader", "XMLReader\XMLReader.csproj", "{4D5DC16F-A7EC-4A2B-AE6A-23F2D601A333}"
EndProject
Project("{9A19103F-16F7-4668-BE54-9A1E7A4F7556}") = "ArithmaticCalc", "ArithmaticCalc\ArithmaticCalc.csproj", "{63448537-A1C4-4DB5-A32A-73ADFD5AD025}"
EndProject
Project("{9A19103F-16F7-4668-BE54-9A1E7A4F7556}") = "FileManipulation", "FileManipulation\FileManipulation.csproj", "{90C90015-D9A9-4704-A2EB-682032CF75BB}"
EndProject
Project("{9A19103F-16F7-4668-BE54-9A1E7A4F7556}") = "SinglyLinkedList", "SinglyLinkedList\SinglyLinkedList.csproj", "{AD8C6412-1614-4A23-A903-D090E6C3DE8A}"
EndProject
Project("{9A19103F-16F7-4668-BE54-9A1E7A4F7556}") = "PrintNumber", "PrintNumber\PrintNumber.csproj", "{40C35751-D3AB-4E5D-9448-23A2903F65BE}"
EndProject
Project("{9A19103F-16F7-4668-BE54-9A1E7A4F7556}") = "RecursiveTest", "RecursiveTest\RecursiveTest.csproj", "{36D7018F-B5E5-4325-B450-E9902268D768}"
EndProject
Project("{FAE04EC0-301F-11D3-BF4B-00C04F79EFBC}") = "Drawing", "Draw Line\Drawing.csproj", "{E606D541-AA8E-4520-820F-568C831BC348}"
EndProject
Project("{9A19103F-16F7-4668-BE54-9A1E7A4F7556}") = "PrintChars", "ConsoleApp1\PrintChars.csproj", "{A9EF80C2-0209-4EF4-83A9-568E21201BF3}"
EndProject
Project("{FAE04EC0-301F-11D3-BF4B-00C04F79EFBC}") = "BackupAndRestoreList", "BackupAndRestoreList\BackupAndRestoreList.csproj", "{335D6773-F4AD-4FF0-B8E3-BA25E2179D03}"
EndProject
Global
	GlobalSection(SolutionConfigurationPlatforms) = preSolution
		Debug|Any CPU = Debug|Any CPU
		Debug|x64 = Debug|x64
		Debug|x86 = Debug|x86
		Release|Any CPU = Release|Any CPU
		Release|x64 = Release|x64
		Release|x86 = Release|x86
	EndGlobalSection
	GlobalSection(ProjectConfigurationPlatforms) = postSolution
		{4CE4B9F2-D5B4-4CC1-B953-BC714C887FEE}.Debug|Any CPU.ActiveCfg = Debug|Any CPU
		{4CE4B9F2-D5B4-4CC1-B953-BC714C887FEE}.Debug|Any CPU.Build.0 = Debug|Any CPU
		{4CE4B9F2-D5B4-4CC1-B953-BC714C887FEE}.Debug|x64.ActiveCfg = Debug|Any CPU
		{4CE4B9F2-D5B4-4CC1-B953-BC714C887FEE}.Debug|x64.Build.0 = Debug|Any CPU
		{4CE4B9F2-D5B4-4CC1-B953-BC714C887FEE}.Debug|x86.ActiveCfg = Debug|Any CPU
		{4CE4B9F2-D5B4-4CC1-B953-BC714C887FEE}.Debug|x86.Build.0 = Debug|Any CPU
		{4CE4B9F2-D5B4-4CC1-B953-BC714C887FEE}.Release|Any CPU.ActiveCfg = Release|Any CPU
		{4CE4B9F2-D5B4-4CC1-B953-BC714C887FEE}.Release|Any CPU.Build.0 = Release|Any CPU
		{4CE4B9F2-D5B4-4CC1-B953-BC714C887FEE}.Release|x64.ActiveCfg = Release|Any CPU
		{4CE4B9F2-D5B4-4CC1-B953-BC714C887FEE}.Release|x64.Build.0 = Release|Any CPU
		{4CE4B9F2-D5B4-4CC1-B953-BC714C887FEE}.Release|x86.ActiveCfg = Release|Any CPU
		{4CE4B9F2-D5B4-4CC1-B953-BC714C887FEE}.Release|x86.Build.0 = Release|Any CPU
		{10ABDF61-9C64-4CA8-8186-E932971344D5}.Debug|Any CPU.ActiveCfg = Debug|Any CPU
		{10ABDF61-9C64-4CA8-8186-E932971344D5}.Debug|Any CPU.Build.0 = Debug|Any CPU
		{10ABDF61-9C64-4CA8-8186-E932971344D5}.Debug|x64.ActiveCfg = Debug|Any CPU
		{10ABDF61-9C64-4CA8-8186-E932971344D5}.Debug|x64.Build.0 = Debug|Any CPU
		{10ABDF61-9C64-4CA8-8186-E932971344D5}.Debug|x86.ActiveCfg = Debug|Any CPU
		{10ABDF61-9C64-4CA8-8186-E932971344D5}.Debug|x86.Build.0 = Debug|Any CPU
		{10ABDF61-9C64-4CA8-8186-E932971344D5}.Release|Any CPU.ActiveCfg = Release|Any CPU
		{10ABDF61-9C64-4CA8-8186-E932971344D5}.Release|Any CPU.Build.0 = Release|Any CPU
		{10ABDF61-9C64-4CA8-8186-E932971344D5}.Release|x64.ActiveCfg = Release|Any CPU
		{10ABDF61-9C64-4CA8-8186-E932971344D5}.Release|x64.Build.0 = Release|Any CPU
		{10ABDF61-9C64-4CA8-8186-E932971344D5}.Release|x86.ActiveCfg = Release|Any CPU
		{10ABDF61-9C64-4CA8-8186-E932971344D5}.Release|x86.Build.0 = Release|Any CPU
		{2AC554BE-F226-4742-8912-59243FC73598}.Debug|Any CPU.ActiveCfg = Debug|Any CPU
		{2AC554BE-F226-4742-8912-59243FC73598}.Debug|Any CPU.Build.0 = Debug|Any CPU
		{2AC554BE-F226-4742-8912-59243FC73598}.Debug|x64.ActiveCfg = Debug|Any CPU
		{2AC554BE-F226-4742-8912-59243FC73598}.Debug|x64.Build.0 = Debug|Any CPU
		{2AC554BE-F226-4742-8912-59243FC73598}.Debug|x86.ActiveCfg = Debug|Any CPU
		{2AC554BE-F226-4742-8912-59243FC73598}.Debug|x86.Build.0 = Debug|Any CPU
		{2AC554BE-F226-4742-8912-59243FC73598}.Release|Any CPU.ActiveCfg = Release|Any CPU
		{2AC554BE-F226-4742-8912-59243FC73598}.Release|Any CPU.Build.0 = Release|Any CPU
		{2AC554BE-F226-4742-8912-59243FC73598}.Release|x64.ActiveCfg = Release|Any CPU
		{2AC554BE-F226-4742-8912-59243FC73598}.Release|x64.Build.0 = Release|Any CPU
		{2AC554BE-F226-4742-8912-59243FC73598}.Release|x86.ActiveCfg = Release|Any CPU
		{2AC554BE-F226-4742-8912-59243FC73598}.Release|x86.Build.0 = Release|Any CPU
		{4D5DC16F-A7EC-4A2B-AE6A-23F2D601A333}.Debug|Any CPU.ActiveCfg = Debug|Any CPU
		{4D5DC16F-A7EC-4A2B-AE6A-23F2D601A333}.Debug|Any CPU.Build.0 = Debug|Any CPU
		{4D5DC16F-A7EC-4A2B-AE6A-23F2D601A333}.Debug|x64.ActiveCfg = Debug|Any CPU
		{4D5DC16F-A7EC-4A2B-AE6A-23F2D601A333}.Debug|x64.Build.0 = Debug|Any CPU
		{4D5DC16F-A7EC-4A2B-AE6A-23F2D601A333}.Debug|x86.ActiveCfg = Debug|Any CPU
		{4D5DC16F-A7EC-4A2B-AE6A-23F2D601A333}.Debug|x86.Build.0 = Debug|Any CPU
		{4D5DC16F-A7EC-4A2B-AE6A-23F2D601A333}.Release|Any CPU.ActiveCfg = Release|Any CPU
		{4D5DC16F-A7EC-4A2B-AE6A-23F2D601A333}.Release|Any CPU.Build.0 = Release|Any CPU
		{4D5DC16F-A7EC-4A2B-AE6A-23F2D601A333}.Release|x64.ActiveCfg = Release|Any CPU
		{4D5DC16F-A7EC-4A2B-AE6A-23F2D601A333}.Release|x64.Build.0 = Release|Any CPU
		{4D5DC16F-A7EC-4A2B-AE6A-23F2D601A333}.Release|x86.ActiveCfg = Release|Any CPU
		{4D5DC16F-A7EC-4A2B-AE6A-23F2D601A333}.Release|x86.Build.0 = Release|Any CPU
		{63448537-A1C4-4DB5-A32A-73ADFD5AD025}.Debug|Any CPU.ActiveCfg = Debug|Any CPU
		{63448537-A1C4-4DB5-A32A-73ADFD5AD025}.Debug|Any CPU.Build.0 = Debug|Any CPU
		{63448537-A1C4-4DB5-A32A-73ADFD5AD025}.Debug|x64.ActiveCfg = Debug|Any CPU
		{63448537-A1C4-4DB5-A32A-73ADFD5AD025}.Debug|x64.Build.0 = Debug|Any CPU
		{63448537-A1C4-4DB5-A32A-73ADFD5AD025}.Debug|x86.ActiveCfg = Debug|Any CPU
		{63448537-A1C4-4DB5-A32A-73ADFD5AD025}.Debug|x86.Build.0 = Debug|Any CPU
		{63448537-A1C4-4DB5-A32A-73ADFD5AD025}.Release|Any CPU.ActiveCfg = Release|Any CPU
		{63448537-A1C4-4DB5-A32A-73ADFD5AD025}.Release|Any CPU.Build.0 = Release|Any CPU
		{63448537-A1C4-4DB5-A32A-73ADFD5AD025}.Release|x64.ActiveCfg = Release|Any CPU
		{63448537-A1C4-4DB5-A32A-73ADFD5AD025}.Release|x64.Build.0 = Release|Any CPU
		{63448537-A1C4-4DB5-A32A-73ADFD5AD025}.Release|x86.ActiveCfg = Release|Any CPU
		{63448537-A1C4-4DB5-A32A-73ADFD5AD025}.Release|x86.Build.0 = Release|Any CPU
		{90C90015-D9A9-4704-A2EB-682032CF75BB}.Debug|Any CPU.ActiveCfg = Debug|Any CPU
		{90C90015-D9A9-4704-A2EB-682032CF75BB}.Debug|Any CPU.Build.0 = Debug|Any CPU
		{90C90015-D9A9-4704-A2EB-682032CF75BB}.Debug|x64.ActiveCfg = Debug|Any CPU
		{90C90015-D9A9-4704-A2EB-682032CF75BB}.Debug|x64.Build.0 = Debug|Any CPU
		{90C90015-D9A9-4704-A2EB-682032CF75BB}.Debug|x86.ActiveCfg = Debug|Any CPU
		{90C90015-D9A9-4704-A2EB-682032CF75BB}.Debug|x86.Build.0 = Debug|Any CPU
		{90C90015-D9A9-4704-A2EB-682032CF75BB}.Release|Any CPU.ActiveCfg = Release|Any CPU
		{90C90015-D9A9-4704-A2EB-682032CF75BB}.Release|Any CPU.Build.0 = Release|Any CPU
		{90C90015-D9A9-4704-A2EB-682032CF75BB}.Release|x64.ActiveCfg = Release|Any CPU
		{90C90015-D9A9-4704-A2EB-682032CF75BB}.Release|x64.Build.0 = Release|Any CPU
		{90C90015-D9A9-4704-A2EB-682032CF75BB}.Release|x86.ActiveCfg = Release|Any CPU
		{90C90015-D9A9-4704-A2EB-682032CF75BB}.Release|x86.Build.0 = Release|Any CPU
		{AD8C6412-1614-4A23-A903-D090E6C3DE8A}.Debug|Any CPU.ActiveCfg = Debug|Any CPU
		{AD8C6412-1614-4A23-A903-D090E6C3DE8A}.Debug|Any CPU.Build.0 = Debug|Any CPU
		{AD8C6412-1614-4A23-A903-D090E6C3DE8A}.Debug|x64.ActiveCfg = Debug|Any CPU
		{AD8C6412-1614-4A23-A903-D090E6C3DE8A}.Debug|x64.Build.0 = Debug|Any CPU
		{AD8C6412-1614-4A23-A903-D090E6C3DE8A}.Debug|x86.ActiveCfg = Debug|Any CPU
		{AD8C6412-1614-4A23-A903-D090E6C3DE8A}.Debug|x86.Build.0 = Debug|Any CPU
		{AD8C6412-1614-4A23-A903-D090E6C3DE8A}.Release|Any CPU.ActiveCfg = Release|Any CPU
		{AD8C6412-1614-4A23-A903-D090E6C3DE8A}.Release|Any CPU.Build.0 = Release|Any CPU
		{AD8C6412-1614-4A23-A903-D090E6C3DE8A}.Release|x64.ActiveCfg = Release|Any CPU
		{AD8C6412-1614-4A23-A903-D090E6C3DE8A}.Release|x64.Build.0 = Release|Any CPU
		{AD8C6412-1614-4A23-A903-D090E6C3DE8A}.Release|x86.ActiveCfg = Release|Any CPU
		{AD8C6412-1614-4A23-A903-D090E6C3DE8A}.Release|x86.Build.0 = Release|Any CPU
		{40C35751-D3AB-4E5D-9448-23A2903F65BE}.Debug|Any CPU.ActiveCfg = Debug|Any CPU
		{40C35751-D3AB-4E5D-9448-23A2903F65BE}.Debug|Any CPU.Build.0 = Debug|Any CPU
		{40C35751-D3AB-4E5D-9448-23A2903F65BE}.Debug|x64.ActiveCfg = Debug|Any CPU
		{40C35751-D3AB-4E5D-9448-23A2903F65BE}.Debug|x64.Build.0 = Debug|Any CPU
		{40C35751-D3AB-4E5D-9448-23A2903F65BE}.Debug|x86.ActiveCfg = Debug|Any CPU
		{40C35751-D3AB-4E5D-9448-23A2903F65BE}.Debug|x86.Build.0 = Debug|Any CPU
		{40C35751-D3AB-4E5D-9448-23A2903F65BE}.Release|Any CPU.ActiveCfg = Release|Any CPU
		{40C35751-D3AB-4E5D-9448-23A2903F65BE}.Release|Any CPU.Build.0 = Release|Any CPU
		{40C35751-D3AB-4E5D-9448-23A2903F65BE}.Release|x64.ActiveCfg = Release|Any CPU
		{40C35751-D3AB-4E5D-9448-23A2903F65BE}.Release|x64.Build.0 = Release|Any CPU
		{40C35751-D3AB-4E5D-9448-23A2903F65BE}.Release|x86.ActiveCfg = Release|Any CPU
		{40C35751-D3AB-4E5D-9448-23A2903F65BE}.Release|x86.Build.0 = Release|Any CPU
		{36D7018F-B5E5-4325-B450-E9902268D768}.Debug|Any CPU.ActiveCfg = Debug|Any CPU
		{36D7018F-B5E5-4325-B450-E9902268D768}.Debug|Any CPU.Build.0 = Debug|Any CPU
		{36D7018F-B5E5-4325-B450-E9902268D768}.Debug|x64.ActiveCfg = Debug|Any CPU
		{36D7018F-B5E5-4325-B450-E9902268D768}.Debug|x64.Build.0 = Debug|Any CPU
		{36D7018F-B5E5-4325-B450-E9902268D768}.Debug|x86.ActiveCfg = Debug|Any CPU
		{36D7018F-B5E5-4325-B450-E9902268D768}.Debug|x86.Build.0 = Debug|Any CPU
		{36D7018F-B5E5-4325-B450-E9902268D768}.Release|Any CPU.ActiveCfg = Release|Any CPU
		{36D7018F-B5E5-4325-B450-E9902268D768}.Release|Any CPU.Build.0 = Release|Any CPU
		{36D7018F-B5E5-4325-B450-E9902268D768}.Release|x64.ActiveCfg = Release|Any CPU
		{36D7018F-B5E5-4325-B450-E9902268D768}.Release|x64.Build.0 = Release|Any CPU
		{36D7018F-B5E5-4325-B450-E9902268D768}.Release|x86.ActiveCfg = Release|Any CPU
		{36D7018F-B5E5-4325-B450-E9902268D768}.Release|x86.Build.0 = Release|Any CPU
		{E606D541-AA8E-4520-820F-568C831BC348}.Debug|Any CPU.ActiveCfg = Debug|Any CPU
		{E606D541-AA8E-4520-820F-568C831BC348}.Debug|Any CPU.Build.0 = Debug|Any CPU
		{E606D541-AA8E-4520-820F-568C831BC348}.Debug|x64.ActiveCfg = Debug|Any CPU
		{E606D541-AA8E-4520-820F-568C831BC348}.Debug|x64.Build.0 = Debug|Any CPU
		{E606D541-AA8E-4520-820F-568C831BC348}.Debug|x86.ActiveCfg = Debug|Any CPU
		{E606D541-AA8E-4520-820F-568C831BC348}.Debug|x86.Build.0 = Debug|Any CPU
		{E606D541-AA8E-4520-820F-568C831BC348}.Release|Any CPU.ActiveCfg = Release|Any CPU
		{E606D541-AA8E-4520-820F-568C831BC348}.Release|Any CPU.Build.0 = Release|Any CPU
		{E606D541-AA8E-4520-820F-568C831BC348}.Release|x64.ActiveCfg = Release|Any CPU
		{E606D541-AA8E-4520-820F-568C831BC348}.Release|x64.Build.0 = Release|Any CPU
		{E606D541-AA8E-4520-820F-568C831BC348}.Release|x86.ActiveCfg = Release|Any CPU
		{E606D541-AA8E-4520-820F-568C831BC348}.Release|x86.Build.0 = Release|Any CPU
		{A9EF80C2-0209-4EF4-83A9-568E21201BF3}.Debug|Any CPU.ActiveCfg = Debug|Any CPU
		{A9EF80C2-0209-4EF4-83A9-568E21201BF3}.Debug|Any CPU.Build.0 = Debug|Any CPU
		{A9EF80C2-0209-4EF4-83A9-568E21201BF3}.Debug|x64.ActiveCfg = Debug|Any CPU
		{A9EF80C2-0209-4EF4-83A9-568E21201BF3}.Debug|x64.Build.0 = Debug|Any CPU
		{A9EF80C2-0209-4EF4-83A9-568E21201BF3}.Debug|x86.ActiveCfg = Debug|Any CPU
		{A9EF80C2-0209-4EF4-83A9-568E21201BF3}.Debug|x86.Build.0 = Debug|Any CPU
		{A9EF80C2-0209-4EF4-83A9-568E21201BF3}.Release|Any CPU.ActiveCfg = Release|Any CPU
		{A9EF80C2-0209-4EF4-83A9-568E21201BF3}.Release|Any CPU.Build.0 = Release|Any CPU
		{A9EF80C2-0209-4EF4-83A9-568E21201BF3}.Release|x64.ActiveCfg = Release|Any CPU
		{A9EF80C2-0209-4EF4-83A9-568E21201BF3}.Release|x64.Build.0 = Release|Any CPU
		{A9EF80C2-0209-4EF4-83A9-568E21201BF3}.Release|x86.ActiveCfg = Release|Any CPU
		{A9EF80C2-0209-4EF4-83A9-568E21201BF3}.Release|x86.Build.0 = Release|Any CPU
		{335D6773-F4AD-4FF0-B8E3-BA25E2179D03}.Debug|Any CPU.ActiveCfg = Debug|Any CPU
		{335D6773-F4AD-4FF0-B8E3-BA25E2179D03}.Debug|Any CPU.Build.0 = Debug|Any CPU
		{335D6773-F4AD-4FF0-B8E3-BA25E2179D03}.Debug|x64.ActiveCfg = Debug|Any CPU
		{335D6773-F4AD-4FF0-B8E3-BA25E2179D03}.Debug|x64.Build.0 = Debug|Any CPU
		{335D6773-F4AD-4FF0-B8E3-BA25E2179D03}.Debug|x86.ActiveCfg = Debug|Any CPU
		{335D6773-F4AD-4FF0-B8E3-BA25E2179D03}.Debug|x86.Build.0 = Debug|Any CPU
		{335D6773-F4AD-4FF0-B8E3-BA25E2179D03}.Release|Any CPU.ActiveCfg = Release|Any CPU
		{335D6773-F4AD-4FF0-B8E3-BA25E2179D03}.Release|Any CPU.Build.0 = Release|Any CPU
		{335D6773-F4AD-4FF0-B8E3-BA25E2179D03}.Release|x64.ActiveCfg = Release|Any CPU
		{335D6773-F4AD-4FF0-B8E3-BA25E2179D03}.Release|x64.Build.0 = Release|Any CPU
		{335D6773-F4AD-4FF0-B8E3-BA25E2179D03}.Release|x86.ActiveCfg = Release|Any CPU
		{335D6773-F4AD-4FF0-B8E3-BA25E2179D03}.Release|x86.Build.0 = Release|Any CPU
	EndGlobalSection
	GlobalSection(SolutionProperties) = preSolution
		HideSolutionNode = FALSE
	EndGlobalSection
	GlobalSection(ExtensibilityGlobals) = postSolution
		SolutionGuid = {F28F60DA-0D67-4CA0-949F-66238C4DE30F}
	EndGlobalSection
EndGlobal
